// !$*UTF8*$!
{
	archiveVersion = 1;
	classes = {
	};
	objectVersion = 56;
	objects = {

/* Begin PBXBuildFile section */
		9900001E29A0001E29A0001E /* WineAppApp.swift in Sources */ = {isa = PBXBuildFile; fileRef = 9900001D29A0001D29A0001D /* WineAppApp.swift */; };
		9900002029A0002029A0002D /* ContentView.swift in Sources */ = {isa = PBXBuildFile; fileRef = 9900001F29A0001F29A0001F /* ContentView.swift */; };
		9900002229A0002229A0002F /* Assets.xcassets in Resources */ = {isa = PBXBuildFile; fileRef = 9900002129A0002129A0002E /* Assets.xcassets */; };
		9900002529A0002529A00025 /* Preview Assets.xcassets in Resources */ = {isa = PBXBuildFile; fileRef = 9900002429A0002429A00024 /* Preview Assets.xcassets */; };
		9900003029A0003029A00030 /* WineInfo.swift in Sources */ = {isa = PBXBuildFile; fileRef = 9900003129A0003129A00031 /* WineInfo.swift */; };
		9900003229A0003229A00032 /* MainContentView.swift in Sources */ = {isa = PBXBuildFile; fileRef = 9900003329A0003329A00033 /* MainContentView.swift */; };
		9900003429A0003429A00034 /* WineInfoView.swift in Sources */ = {isa = PBXBuildFile; fileRef = 9900003529A0003529A00035 /* WineInfoView.swift */; };
		9900003629A0003629A00036 /* APIConfig.swift in Sources */ = {isa = PBXBuildFile; fileRef = 9900003729A0003729A00037 /* APIConfig.swift */; };
		9900003829A0003829A00038 /* OpenAIService.swift in Sources */ = {isa = PBXBuildFile; fileRef = 9900003929A0003929A00039 /* OpenAIService.swift */; };
/* End PBXBuildFile section */

/* Begin PBXFileReference section */
		9900001A29A0001A29A0001A /* WineApp.app */ = {isa = PBXFileReference; explicitFileType = wrapper.application; includeInIndex = 0; path = WineApp.app; sourceTree = BUILT_PRODUCTS_DIR; };
		9900001D29A0001D29A0001D /* WineAppApp.swift */ = {isa = PBXFileReference; lastKnownFileType = sourcecode.swift; path = WineAppApp.swift; sourceTree = "<group>"; };
		9900001F29A0001F29A0001F /* ContentView.swift */ = {isa = PBXFileReference; lastKnownFileType = sourcecode.swift; path = ContentView.swift; sourceTree = "<group>"; };
		9900002129A0002129A0002E /* Assets.xcassets */ = {isa = PBXFileReference; lastKnownFileType = folder.assetcatalog; path = Assets.xcassets; sourceTree = "<group>"; };
		9900002429A0002429A00024 /* Preview Assets.xcassets */ = {isa = PBXFileReference; lastKnownFileType = folder.assetcatalog; path = "Preview Assets.xcassets"; sourceTree = "<group>"; };
		9900003129A0003129A00031 /* WineInfo.swift */ = {isa = PBXFileReference; lastKnownFileType = sourcecode.swift; path = WineInfo.swift; sourceTree = "<group>"; };
		9900003329A0003329A00033 /* MainContentView.swift */ = {isa = PBXFileReference; lastKnownFileType = sourcecode.swift; path = MainContentView.swift; sourceTree = "<group>"; };
		9900003529A0003529A00035 /* WineInfoView.swift */ = {isa = PBXFileReference; lastKnownFileType = sourcecode.swift; path = WineInfoView.swift; sourceTree = "<group>"; };
		9900003729A0003729A00037 /* APIConfig.swift */ = {isa = PBXFileReference; lastKnownFileType = sourcecode.swift; path = APIConfig.swift; sourceTree = "<group>"; };
		9900003929A0003929A00039 /* OpenAIService.swift */ = {isa = PBXFileReference; lastKnownFileType = sourcecode.swift; path = OpenAIService.swift; sourceTree = "<group>"; };
/* End PBXFileReference section */

/* Begin PBXFrameworksBuildPhase section */
		9900001729A0001729A00017 /* Frameworks */ = {
			isa = PBXFrameworksBuildPhase;
			buildActionMask = 2147483647;
			files = (
			);
			runOnlyForDeploymentPostprocessing = 0;
		};
/* End PBXFrameworksBuildPhase section */

/* Begin PBXGroup section */
		9900001129A0001129A00011 = {
			isa = PBXGroup;
			children = (
				9900001C29A0001C29A0001C /* WineApp */,
				9900001B29A0001B29A0001B /* Products */,
			);
			sourceTree = "<group>";
		};
		9900001B29A0001B29A0001B /* Products */ = {
			isa = PBXGroup;
			children = (
				9900001A29A0001A29A0001A /* WineApp.app */,
			);
			name = Products;
			sourceTree = "<group>";
		};
		9900001C29A0001C29A0001C /* WineApp */ = {
			isa = PBXGroup;
			children = (
				9900004029A0004029A00040 /* Models */,
				9900004129A0004129A00041 /* Views */,
				9900004229A0004229A00042 /* Services */,
				9900001D29A0001D29A0001D /* WineAppApp.swift */,
				9900001F29A0001F29A0001F /* ContentView.swift */,
				9900002129A0002129A0002E /* Assets.xcassets */,
				9900002329A0002329A00023 /* Preview Content */,
			);
			path = WineApp;
			sourceTree = "<group>";
		};
		9900002329A0002329A00023 /* Preview Content */ = {
			isa = PBXGroup;
			children = (
				9900002429A0002429A00024 /* Preview Assets.xcassets */,
			);
			path = "Preview Content";
			sourceTree = "<group>";
		};
		9900004029A0004029A00040 /* Models */ = {
			isa = PBXGroup;
			children = (
				9900003129A0003129A00031 /* WineInfo.swift */,
			);
			path = Models;
			sourceTree = "<group>";
		};
		9900004129A0004129A00041 /* Views */ = {
			isa = PBXGroup;
			children = (
				9900003329A0003329A00033 /* MainContentView.swift */,
				9900003529A0003529A00035 /* WineInfoView.swift */,
			);
			path = Views;
			sourceTree = "<group>";
		};
		9900004229A0004229A00042 /* Services */ = {
			isa = PBXGroup;
			children = (
				9900003729A0003729A00037 /* APIConfig.swift */,
				9900003929A0003929A00039 /* OpenAIService.swift */,
			);
			path = Services;
			sourceTree = "<group>";
		};
/* End PBXGroup section */

/* Begin PBXNativeTarget section */
		9900001929A0001929A00019 /* WineApp */ = {
			isa = PBXNativeTarget;
			buildConfigurationList = 9900002829A0002829A00028 /* Build configuration list for PBXNativeTarget "WineApp" */;
			buildPhases = (
				9900001629A0001629A00016 /* Sources */,
				9900001729A0001729A00017 /* Frameworks */,
				9900001829A0001829A00018 /* Resources */,
			);
			buildRules = (
			);
			dependencies = (
			);
			name = WineApp;
			productName = WineApp;
			productReference = 9900001A29A0001A29A0001A /* WineApp.app */;
			productType = "com.apple.product-type.application";
		};
/* End PBXNativeTarget section */

/* Begin PBXProject section */
		9900001229A0001229A00012 /* Project object */ = {
			isa = PBXProject;
			attributes = {
				BuildIndependentTargetsInParallel = 1;
				LastSwiftUpdateCheck = 1530;
				LastUpgradeCheck = 1530;
				TargetAttributes = {
					9900001929A0001929A00019 = {
						CreatedOnToolsVersion = 15.3;
					};
				};
			};
			buildConfigurationList = 9900001529A0001529A00015 /* Build configuration list for PBXProject "WineApp" */;
			compatibilityVersion = "Xcode 14.0";
			developmentRegion = en;
			hasScannedForEncodings = 0;
			knownRegions = (
				en,
				Base,
			);
			mainGroup = 9900001129A0001129A00011;
			productRefGroup = 9900001B29A0001B29A0001B /* Products */;
			projectDirPath = "";
			projectRoot = "";
			targets = (
				9900001929A0001929A00019 /* WineApp */,
			);
		};
/* End PBXProject section */

/* Begin PBXResourcesBuildPhase section */
		9900001829A0001829A00018 /* Resources */ = {
			isa = PBXResourcesBuildPhase;
			buildActionMask = 2147483647;
			files = (
				9900002529A0002529A00025 /* Preview Assets.xcassets in Resources */,
				9900002229A0002229A0002F /* Assets.xcassets in Resources */,
			);
			runOnlyForDeploymentPostprocessing = 0;
		};
/* End PBXResourcesBuildPhase section */

/* Begin PBXSourcesBuildPhase section */
		9900001629A0001629A00016 /* Sources */ = {
			isa = PBXSourcesBuildPhase;
			buildActionMask = 2147483647;
			files = (
				9900002029A0002029A0002D /* ContentView.swift in Sources */,
				9900003429A0003429A00034 /* WineInfoView.swift in Sources */,
				9900003029A0003029A00030 /* WineInfo.swift in Sources */,
				9900003629A0003629A00036 /* APIConfig.swift in Sources */,
				9900001E29A0001E29A0001E /* WineAppApp.swift in Sources */,
				9900003829A0003829A00038 /* OpenAIService.swift in Sources */,
				9900003229A0003229A00032 /* MainContentView.swift in Sources */,
			);
			runOnlyForDeploymentPostprocessing = 0;
		};
/* End PBXSourcesBuildPhase section */

/* Begin XCBuildConfiguration section */
		9900002629A0002629A00026 /* Debug */ = {
			isa = XCBuildConfiguration;
			buildSettings = {
				ALWAYS_SEARCH_USER_PATHS = NO;
				ASSETCATALOG_COMPILER_GENERATE_SWIFT_ASSET_SYMBOL_EXTENSIONS = YES;
				CLANG_ANALYZER_NONNULL = YES;
				CLANG_ANALYZER_NUMBER_OBJECT_CONVERSION = YES_AGGRESSIVE;
				CLANG_CXX_LANGUAGE_STANDARD = "gnu++20";
				CLANG_ENABLE_MODULES = YES;
				CLANG_ENABLE_OBJC_ARC = YES;
				CLANG_ENABLE_OBJC_WEAK = YES;
				CLANG_WARN_BLOCK_CAPTURE_AUTORELEASING = YES;
				CLANG_WARN_BOOL_CONVERSION = YES;
				CLANG_WARN_COMMA = YES;
				CLANG_WARN_CONSTANT_CONVERSION = YES;
				CLANG_WARN_DEPRECATED_OBJC_IMPLEMENTATIONS = YES;
				CLANG_WARN_DIRECT_OBJC_ISA_USAGE = YES_ERROR;
				CLANG_WARN_DOCUMENTATION_COMMENTS = YES;
				CLANG_WARN_EMPTY_BODY = YES;
				CLANG_WARN_ENUM_CONVERSION = YES;
				CLANG_WARN_INFINITE_RECURSION = YES;
				CLANG_WARN_INT_CONVERSION = YES;
				CLANG_WARN_NON_LITERAL_NULL_CONVERSION = YES;
				CLANG_WARN_OBJC_IMPLICIT_RETAIN_SELF = YES;
				CLANG_WARN_OBJC_LITERAL_CONVERSION = YES;
				CLANG_WARN_OBJC_ROOT_CLASS = YES_ERROR;
				CLANG_WARN_QUOTED_INCLUDE_IN_FRAMEWORK_HEADER = YES;
				CLANG_WARN_RANGE_LOOP_ANALYSIS = YES;
				CLANG_WARN_STRICT_PROTOTYPES = YES;
				CLANG_WARN_SUSPICIOUS_MOVE = YES;
				CLANG_WARN_UNGUARDED_AVAILABILITY = YES_AGGRESSIVE;
				CLANG_WARN_UNREACHABLE_CODE = YES;
				CLANG_WARN__DUPLICATE_METHOD_MATCH = YES;
				COPY_PHASE_STRIP = NO;
				DEBUG_INFORMATION_FORMAT = dwarf;
				ENABLE_STRICT_OBJC_MSGSEND = YES;
				ENABLE_TESTABILITY = YES;
				ENABLE_USER_SCRIPT_SANDBOXING = YES;
				GCC_C_LANGUAGE_STANDARD = gnu17;
				GCC_DYNAMIC_NO_PIC = NO;
				GCC_NO_COMMON_BLOCKS = YES;
				GCC_OPTIMIZATION_LEVEL = 0;
				GCC_PREPROCESSOR_DEFINITIONS = (
					"DEBUG=1",
					"$(inherited)",
				);
				GCC_WARN_64_TO_32_BIT_CONVERSION = YES;
				GCC_WARN_ABOUT_RETURN_TYPE = YES_ERROR;
				GCC_WARN_UNDECLARED_SELECTOR = YES;
				GCC_WARN_UNINITIALIZED_AUTOS = YES_AGGRESSIVE;
				GCC_WARN_UNUSED_FUNCTION = YES;
				GCC_WARN_UNUSED_VARIABLE = YES;
				IPHONEOS_DEPLOYMENT_TARGET = 17.4;
				LOCALIZATION_PREFERS_STRING_CATALOGS = YES;
				MTL_ENABLE_DEBUG_INFO = INCLUDE_SOURCE;
				MTL_FAST_MATH = YES;
				ONLY_ACTIVE_ARCH = YES;
				SDKROOT = iphoneos;
				SWIFT_ACTIVE_COMPILATION_CONDITIONS = "DEBUG $(inherited)";
				SWIFT_OPTIMIZATION_LEVEL = "-Onone";
			};
			name = Debug;
		};
		9900002729A0002729A00027 /* Release */ = {
			isa = XCBuildConfiguration;
			buildSettings = {
				ALWAYS_SEARCH_USER_PATHS = NO;
				ASSETCATALOG_COMPILER_GENERATE_SWIFT_ASSET_SYMBOL_EXTENSIONS = YES;
				CLANG_ANALYZER_NONNULL = YES;
				CLANG_ANALYZER_NUMBER_OBJECT_CONVERSION = YES_AGGRESSIVE;
				CLANG_CXX_LANGUAGE_STANDARD = "gnu++20";
				CLANG_ENABLE_MODULES = YES;
				CLANG_ENABLE_OBJC_ARC = YES;
				CLANG_ENABLE_OBJC_WEAK = YES;
				CLANG_WARN_BLOCK_CAPTURE_AUTORELEASING = YES;
				CLANG_WARN_BOOL_CONVERSION = YES;
				CLANG_WARN_COMMA = YES;
				CLANG_WARN_CONSTANT_CONVERSION = YES;
				CLANG_WARN_DEPRECATED_OBJC_IMPLEMENTATIONS = YES;
				CLANG_WARN_DIRECT_OBJC_ISA_USAGE = YES_ERROR;
				CLANG_WARN_DOCUMENTATION_COMMENTS = YES;
				CLANG_WARN_EMPTY_BODY = YES;
				CLANG_WARN_ENUM_CONVERSION = YES;
				CLANG_WARN_INFINITE_RECURSION = YES;
				CLANG_WARN_INT_CONVERSION = YES;
				CLANG_WARN_NON_LITERAL_NULL_CONVERSION = YES;
				CLANG_WARN_OBJC_IMPLICIT_RETAIN_SELF = YES;
				CLANG_WARN_OBJC_LITERAL_CONVERSION = YES;
				CLANG_WARN_OBJC_ROOT_CLASS = YES_ERROR;
				CLANG_WARN_QUOTED_INCLUDE_IN_FRAMEWORK_HEADER = YES;
				CLANG_WARN_RANGE_LOOP_ANALYSIS = YES;
				CLANG_WARN_STRICT_PROTOTYPES = YES;
				CLANG_WARN_SUSPICIOUS_MOVE = YES;
				CLANG_WARN_UNGUARDED_AVAILABILITY = YES_AGGRESSIVE;
				CLANG_WARN_UNREACHABLE_CODE = YES;
				CLANG_WARN__DUPLICATE_METHOD_MATCH = YES;
				COPY_PHASE_STRIP = NO;
				DEBUG_INFORMATION_FORMAT = "dwarf-with-dsym";
				ENABLE_NS_ASSERTIONS = NO;
				ENABLE_STRICT_OBJC_MSGSEND = YES;
				ENABLE_USER_SCRIPT_SANDBOXING = YES;
				GCC_C_LANGUAGE_STANDARD = gnu17;
				GCC_NO_COMMON_BLOCKS = YES;
				GCC_WARN_64_TO_32_BIT_CONVERSION = YES;
				GCC_WARN_ABOUT_RETURN_TYPE = YES_ERROR;
				GCC_WARN_UNDECLARED_SELECTOR = YES;
				GCC_WARN_UNINITIALIZED_AUTOS = YES_AGGRESSIVE;
				GCC_WARN_UNUSED_FUNCTION = YES;
				GCC_WARN_UNUSED_VARIABLE = YES;
				IPHONEOS_DEPLOYMENT_TARGET = 17.4;
				LOCALIZATION_PREFERS_STRING_CATALOGS = YES;
				MTL_ENABLE_DEBUG_INFO = NO;
				MTL_FAST_MATH = YES;
				SDKROOT = iphoneos;
				SWIFT_COMPILATION_MODE = wholemodule;
				VALIDATE_PRODUCT = YES;
			};
			name = Release;
		};
		9900002929A0002929A00029 /* Debug */ = {
			isa = XCBuildConfiguration;
			buildSettings = {
				ASSETCATALOG_COMPILER_APPICON_NAME = AppIcon;
				ASSETCATALOG_COMPILER_GLOBAL_ACCENT_COLOR_NAME = AccentColor;
				CODE_SIGN_STYLE = Automatic;
				CURRENT_PROJECT_VERSION = 1;
				DEVELOPMENT_ASSET_PATHS = "\"WineApp/Preview Content\"";
				ENABLE_PREVIEWS = YES;
				GENERATE_INFOPLIST_FILE = YES;
				INFOPLIST_KEY_NSCameraUsageDescription = "We need access to your camera to take photos of wine bottles.";
				INFOPLIST_KEY_NSPhotoLibraryUsageDescription = "We need access to your photos to select wine bottle images.";
				INFOPLIST_KEY_UIApplicationSceneManifest_Generation = YES;
				INFOPLIST_KEY_UIApplicationSupportsIndirectInputEvents = YES;
				INFOPLIST_KEY_UILaunchScreen_Generation = YES;
				INFOPLIST_KEY_UISupportedInterfaceOrientations_iPad = "UIInterfaceOrientationPortrait UIInterfaceOrientationPortraitUpsideDown UIInterfaceOrientationLandscapeLeft UIInterfaceOrientationLandscapeRight";
				INFOPLIST_KEY_UISupportedInterfaceOrientations_iPhone = "UIInterfaceOrientationPortrait UIInterfaceOrientationLandscapeLeft UIInterfaceOrientationLandscapeRight";
				IPHONEOS_DEPLOYMENT_TARGET = 16.0;
				LD_RUNPATH_SEARCH_PATHS = (
					"$(inherited)",
					"@executable_path/Frameworks",
				);
				MARKETING_VERSION = 1.0;
				PRODUCT_BUNDLE_IDENTIFIER = com.example.WineApp;
				PRODUCT_NAME = "$(TARGET_NAME)";
				SWIFT_EMIT_LOC_STRINGS = YES;
				SWIFT_VERSION = 5.0;
				TARGETED_DEVICE_FAMILY = "1,2";
			};
			name = Debug;
		};
		9900002A29A0002A29A0002A /* Release */ = {
			isa = XCBuildConfiguration;
			buildSettings = {
				ASSETCATALOG_COMPILER_APPICON_NAME = AppIcon;
				ASSETCATALOG_COMPILER_GLOBAL_ACCENT_COLOR_NAME = AccentColor;
				CODE_SIGN_STYLE = Automatic;
				CURRENT_PROJECT_VERSION = 1;
				DEVELOPMENT_ASSET_PATHS = "\"WineApp/Preview Content\"";
				ENABLE_PREVIEWS = YES;
				GENERATE_INFOPLIST_FILE = YES;
				INFOPLIST_KEY_NSCameraUsageDescription = "We need access to your camera to take photos of wine bottles.";
				INFOPLIST_KEY_NSPhotoLibraryUsageDescription = "We need access to your photos to select wine bottle images.";
				INFOPLIST_KEY_UIApplicationSceneManifest_Generation = YES;
				INFOPLIST_KEY_UIApplicationSupportsIndirectInputEvents = YES;
				INFOPLIST_KEY_UILaunchScreen_Generation = YES;
				INFOPLIST_KEY_UISupportedInterfaceOrientations_iPad = "UIInterfaceOrientationPortrait UIInterfaceOrientationPortraitUpsideDown UIInterfaceOrientationLandscapeLeft UIInterfaceOrientationLandscapeRight";
				INFOPLIST_KEY_UISupportedInterfaceOrientations_iPhone = "UIInterfaceOrientationPortrait UIInterfaceOrientationLandscapeLeft UIInterfaceOrientationLandscapeRight";
				IPHONEOS_DEPLOYMENT_TARGET = 16.0;
				LD_RUNPATH_SEARCH_PATHS = (
					"$(inherited)",
					"@executable_path/Frameworks",
				);
				MARKETING_VERSION = 1.0;
				PRODUCT_BUNDLE_IDENTIFIER = com.example.WineApp;
				PRODUCT_NAME = "$(TARGET_NAME)";
				SWIFT_EMIT_LOC_STRINGS = YES;
				SWIFT_VERSION = 5.0;
				TARGETED_DEVICE_FAMILY = "1,2";
			};
			name = Release;
		};
/* End XCBuildConfiguration section */

/* Begin XCConfigurationList section */
		9900001529A0001529A00015 /* Build configuration list for PBXProject "WineApp" */ = {
			isa = XCConfigurationList;
			buildConfigurations = (
				9900002629A0002629A00026 /* Debug */,
				9900002729A0002729A00027 /* Release */,
			);
			defaultConfigurationIsVisible = 0;
			defaultConfigurationName = Release;
		};
		9900002829A0002829A00028 /* Build configuration list for PBXNativeTarget "WineApp" */ = {
			isa = XCConfigurationList;
			buildConfigurations = (
				9900002929A0002929A00029 /* Debug */,
				9900002A29A0002A29A0002A /* Release */,
			);
			defaultConfigurationIsVisible = 0;
			defaultConfigurationName = Release;
		};
/* End XCConfigurationList section */
	};
	rootObject = 9900001229A0001229A00012 /* Project object */;
} 